
Microsoft Visual Studio Solution File, Format Version 12.00
# Visual Studio Version 17
VisualStudioVersion = 17.4.33205.214
MinimumVisualStudioVersion = 10.0.40219.1
Project("{FAE04EC0-301F-11D3-BF4B-00C04F79EFBC}") = "LineComparisonComputation", "LineComparisonComputation.csproj", "{0CA12BA6-7B7D-4EE0-B0CF-87E9682696FC}"
EndProject
Global
	GlobalSection(SolutionConfigurationPlatforms) = preSolution
		Debug|Any CPU = Debug|Any CPU
		Release|Any CPU = Release|Any CPU
	EndGlobalSection
	GlobalSection(ProjectConfigurationPlatforms) = postSolution
		{0CA12BA6-7B7D-4EE0-B0CF-87E9682696FC}.Debug|Any CPU.ActiveCfg = Debug|Any CPU
		{0CA12BA6-7B7D-4EE0-B0CF-87E9682696FC}.Debug|Any CPU.Build.0 = Debug|Any CPU
		{0CA12BA6-7B7D-4EE0-B0CF-87E9682696FC}.Release|Any CPU.ActiveCfg = Release|Any CPU
		{0CA12BA6-7B7D-4EE0-B0CF-87E9682696FC}.Release|Any CPU.Build.0 = Release|Any CPU
	EndGlobalSection
	GlobalSection(SolutionProperties) = preSolution
		HideSolutionNode = FALSE
	EndGlobalSection
	GlobalSection(ExtensibilityGlobals) = postSolution
		SolutionGuid = {BCFCC0A1-4395-4E4D-B706-E359D6A5B498}
	EndGlobalSection
EndGlobal
